{
  "name": "lang-model",
  "version": "1.0.0",
  "lockfileVersion": 1,
  "dependencies": {
    "immutable": {
      "version": "3.8.2",
      "resolved": "https://registry.npmjs.org/immutable/-/immutable-3.8.2.tgz",
      "integrity": "sha1-wkOZUUVbs5kT2vKBN28VMOEErfM="
    },
    "lrumap": {
      "version": "1.0.0",
      "resolved": "https://registry.npmjs.org/lrumap/-/lrumap-1.0.0.tgz",
      "integrity": "sha1-mvcwacBk25MUu0gNvWyz+ltwbmQ=",
      "optional": true
    },
    "memoize-immutable": {
      "version": "3.0.0",
      "resolved": "https://registry.npmjs.org/memoize-immutable/-/memoize-immutable-3.0.0.tgz",
      "integrity": "sha1-WVnuUKTxHXvkWxr8iyxtqnxtLh4="
    },
    "mixedtuplemap": {
      "version": "1.0.0",
      "resolved": "https://registry.npmjs.org/mixedtuplemap/-/mixedtuplemap-1.0.0.tgz",
      "integrity": "sha1-O9rUoUpUeLmjlyquVgkncqdZz8Q=",
      "optional": true
    },
    "namedtuplemap": {
      "version": "1.0.0",
      "resolved": "https://registry.npmjs.org/namedtuplemap/-/namedtuplemap-1.0.0.tgz",
      "integrity": "sha1-wjF4nFt7R7Szo+czF/A93eHryzQ=",
      "optional": true
    },
    "ramda": {
      "version": "0.25.0",
      "resolved": "https://registry.npmjs.org/ramda/-/ramda-0.25.0.tgz",
      "integrity": "sha512-GXpfrYVPwx3K7RQ6aYT8KPS8XViSXUVJT1ONhoKPE9VAleW42YE+U+8VEyGWt41EnEQW7gwecYJriTI0pKoecQ=="
    },
    "tuplemap": {
      "version": "1.0.2",
      "resolved": "https://registry.npmjs.org/tuplemap/-/tuplemap-1.0.2.tgz",
      "integrity": "sha1-2VaVggmI8STYCjaA9l8OYykqZz0="
    },
    "weaktuplemap": {
      "version": "1.0.0",
      "resolved": "https://registry.npmjs.org/weaktuplemap/-/weaktuplemap-1.0.0.tgz",
      "integrity": "sha1-/Nsn45XDBUvOOk81GNYaSrgWjTs=",
      "optional": true
    }
  }
}
